
Microsoft Visual Studio Solution File, Format Version 12.00
Project("{FAE04EC0-301F-11D3-BF4B-00C04F79EFBC}") = "SecretSanta.Console", "SecretSanta.Console\SecretSanta.Console.csproj", "{C44AD182-DE79-43E6-AEF4-C776B8D814C5}"
EndProject
Project("{FAE04EC0-301F-11D3-BF4B-00C04F79EFBC}") = "SecretSanta.Domain", "SecretSanta.Domain\SecretSanta.Domain.csproj", "{D6812CD5-7C92-47C4-B602-65DA4D45E5C4}"
EndProject
Project("{FAE04EC0-301F-11D3-BF4B-00C04F79EFBC}") = "SecretSanta.Tests", "SecretSanta.Tests\SecretSanta.Tests.csproj", "{ACE0C3D5-0D24-424E-8C79-3121B631F28D}"
EndProject
Global
	GlobalSection(SolutionConfigurationPlatforms) = preSolution
		Debug|Any CPU = Debug|Any CPU
		Release|Any CPU = Release|Any CPU
	EndGlobalSection
	GlobalSection(ProjectConfigurationPlatforms) = postSolution
		{C44AD182-DE79-43E6-AEF4-C776B8D814C5}.Debug|Any CPU.ActiveCfg = Debug|Any CPU
		{C44AD182-DE79-43E6-AEF4-C776B8D814C5}.Debug|Any CPU.Build.0 = Debug|Any CPU
		{C44AD182-DE79-43E6-AEF4-C776B8D814C5}.Release|Any CPU.ActiveCfg = Release|Any CPU
		{C44AD182-DE79-43E6-AEF4-C776B8D814C5}.Release|Any CPU.Build.0 = Release|Any CPU
		{D6812CD5-7C92-47C4-B602-65DA4D45E5C4}.Debug|Any CPU.ActiveCfg = Debug|Any CPU
		{D6812CD5-7C92-47C4-B602-65DA4D45E5C4}.Debug|Any CPU.Build.0 = Debug|Any CPU
		{D6812CD5-7C92-47C4-B602-65DA4D45E5C4}.Release|Any CPU.ActiveCfg = Release|Any CPU
		{D6812CD5-7C92-47C4-B602-65DA4D45E5C4}.Release|Any CPU.Build.0 = Release|Any CPU
		{ACE0C3D5-0D24-424E-8C79-3121B631F28D}.Debug|Any CPU.ActiveCfg = Debug|Any CPU
		{ACE0C3D5-0D24-424E-8C79-3121B631F28D}.Debug|Any CPU.Build.0 = Debug|Any CPU
		{ACE0C3D5-0D24-424E-8C79-3121B631F28D}.Release|Any CPU.ActiveCfg = Release|Any CPU
		{ACE0C3D5-0D24-424E-8C79-3121B631F28D}.Release|Any CPU.Build.0 = Release|Any CPU
	EndGlobalSection
EndGlobal
